Microsoft Visual Studio Solution File, Format Version 9.00
# SharpDevelop 2.0.0.1591
Project("{FAE04EC0-301F-11D3-BF4B-00C04F79EFBC}") = "MMBNO", "MMBNO.csproj", "{7428ED4B-FA7F-49AB-99F9-3303DAAC86E7}"
EndProject
Global
	GlobalSection(SolutionConfigurationPlatforms) = preSolution
		Debug|Any CPU = Debug|Any CPU
		Release|Any CPU = Release|Any CPU
	EndGlobalSection
	GlobalSection(ProjectConfigurationPlatforms) = postSolution
		{7428ED4B-FA7F-49AB-99F9-3303DAAC86E7}.Debug|Any CPU.Build.0 = Debug|Any CPU
		{7428ED4B-FA7F-49AB-99F9-3303DAAC86E7}.Debug|Any CPU.ActiveCfg = Debug|Any CPU
		{7428ED4B-FA7F-49AB-99F9-3303DAAC86E7}.Release|Any CPU.Build.0 = Release|Any CPU
		{7428ED4B-FA7F-49AB-99F9-3303DAAC86E7}.Release|Any CPU.ActiveCfg = Release|Any CPU
	EndGlobalSection
EndGlobal
